
Microsoft Visual Studio Solution File, Format Version 12.00
# Visual Studio Express 2012 for Windows Desktop
Project("{8BC9CEB8-8B4A-11D0-8D11-00A0C91BC942}") = "IAT AntiVirus", "IAT AntiVirus\IAT AntiVirus.vcxproj", "{C0D83E87-C5A4-4DDA-97AF-32A362E6ADB0}"
EndProject
Global
	GlobalSection(SolutionConfigurationPlatforms) = preSolution
		Debug|Win32 = Debug|Win32
		Release|Win32 = Release|Win32
	EndGlobalSection
	GlobalSection(ProjectConfigurationPlatforms) = postSolution
		{C0D83E87-C5A4-4DDA-97AF-32A362E6ADB0}.Debug|Win32.ActiveCfg = Debug|Win32
		{C0D83E87-C5A4-4DDA-97AF-32A362E6ADB0}.Debug|Win32.Build.0 = Debug|Win32
		{C0D83E87-C5A4-4DDA-97AF-32A362E6ADB0}.Release|Win32.ActiveCfg = Release|Win32
		{C0D83E87-C5A4-4DDA-97AF-32A362E6ADB0}.Release|Win32.Build.0 = Release|Win32
	EndGlobalSection
	GlobalSection(SolutionProperties) = preSolution
		HideSolutionNode = FALSE
	EndGlobalSection
EndGlobal
